
Microsoft Visual Studio Solution File, Format Version 12.00
# Visual Studio Version 17
VisualStudioVersion = 17.7.34221.43
MinimumVisualStudioVersion = 10.0.40219.1
Project("{FAE04EC0-301F-11D3-BF4B-00C04F79EFBC}") = "MG.Posh.Extensions-Legacy", "MG.Posh.Extensions-Legacy\MG.Posh.Extensions-Legacy.csproj", "{44B91111-49F4-4452-9DA6-9B1485A89BBD}"
EndProject
Project("{9A19103F-16F7-4668-BE54-9A1E7A4F7556}") = "MG.Posh.Extensions", "MG.Posh.Extensions\MG.Posh.Extensions.csproj", "{84A4871F-C1EE-4D8D-9549-62DE84AC8508}"
EndProject
Project("{2150E333-8FDC-42A3-9474-1A3956D46DE8}") = "Legacy", "Legacy", "{162C8792-91B6-4D1D-94BD-5287DE257C0F}"
EndProject
Project("{9A19103F-16F7-4668-BE54-9A1E7A4F7556}") = "MG.Posh.Extensions-NET6", "MG.Posh.Extensions-NET6\MG.Posh.Extensions-NET6.csproj", "{243E4EDD-4362-4FB4-9C75-FA51848546D7}"
EndProject
Project("{2150E333-8FDC-42A3-9474-1A3956D46DE8}") = "Testing", "Testing", "{F579D731-63C6-40A1-9F7C-989761071CDD}"
EndProject
Project("{FAE04EC0-301F-11D3-BF4B-00C04F79EFBC}") = "TestingModule-NETFramework", "TestingModule-NETFramework\TestingModule-NETFramework.csproj", "{6D626ED8-C477-4986-AB04-F7C62EC03853}"
EndProject
Project("{FAE04EC0-301F-11D3-BF4B-00C04F79EFBC}") = "UnitTesting", "UnitTesting\UnitTesting.csproj", "{5DB45965-FCBA-4CC7-8416-C764DF68ED86}"
EndProject
Global
	GlobalSection(SolutionConfigurationPlatforms) = preSolution
		Debug|Any CPU = Debug|Any CPU
		Release|Any CPU = Release|Any CPU
	EndGlobalSection
	GlobalSection(ProjectConfigurationPlatforms) = postSolution
		{44B91111-49F4-4452-9DA6-9B1485A89BBD}.Debug|Any CPU.ActiveCfg = Debug|Any CPU
		{44B91111-49F4-4452-9DA6-9B1485A89BBD}.Debug|Any CPU.Build.0 = Debug|Any CPU
		{44B91111-49F4-4452-9DA6-9B1485A89BBD}.Release|Any CPU.ActiveCfg = Release|Any CPU
		{44B91111-49F4-4452-9DA6-9B1485A89BBD}.Release|Any CPU.Build.0 = Release|Any CPU
		{84A4871F-C1EE-4D8D-9549-62DE84AC8508}.Debug|Any CPU.ActiveCfg = Debug|Any CPU
		{84A4871F-C1EE-4D8D-9549-62DE84AC8508}.Debug|Any CPU.Build.0 = Debug|Any CPU
		{84A4871F-C1EE-4D8D-9549-62DE84AC8508}.Release|Any CPU.ActiveCfg = Release|Any CPU
		{84A4871F-C1EE-4D8D-9549-62DE84AC8508}.Release|Any CPU.Build.0 = Release|Any CPU
		{243E4EDD-4362-4FB4-9C75-FA51848546D7}.Debug|Any CPU.ActiveCfg = Debug|Any CPU
		{243E4EDD-4362-4FB4-9C75-FA51848546D7}.Debug|Any CPU.Build.0 = Debug|Any CPU
		{243E4EDD-4362-4FB4-9C75-FA51848546D7}.Release|Any CPU.ActiveCfg = Release|Any CPU
		{243E4EDD-4362-4FB4-9C75-FA51848546D7}.Release|Any CPU.Build.0 = Release|Any CPU
		{6D626ED8-C477-4986-AB04-F7C62EC03853}.Debug|Any CPU.ActiveCfg = Debug|Any CPU
		{6D626ED8-C477-4986-AB04-F7C62EC03853}.Debug|Any CPU.Build.0 = Debug|Any CPU
		{6D626ED8-C477-4986-AB04-F7C62EC03853}.Release|Any CPU.ActiveCfg = Release|Any CPU
		{6D626ED8-C477-4986-AB04-F7C62EC03853}.Release|Any CPU.Build.0 = Release|Any CPU
		{5DB45965-FCBA-4CC7-8416-C764DF68ED86}.Debug|Any CPU.ActiveCfg = Debug|Any CPU
		{5DB45965-FCBA-4CC7-8416-C764DF68ED86}.Debug|Any CPU.Build.0 = Debug|Any CPU
		{5DB45965-FCBA-4CC7-8416-C764DF68ED86}.Release|Any CPU.ActiveCfg = Release|Any CPU
		{5DB45965-FCBA-4CC7-8416-C764DF68ED86}.Release|Any CPU.Build.0 = Release|Any CPU
	EndGlobalSection
	GlobalSection(SolutionProperties) = preSolution
		HideSolutionNode = FALSE
	EndGlobalSection
	GlobalSection(NestedProjects) = preSolution
		{44B91111-49F4-4452-9DA6-9B1485A89BBD} = {162C8792-91B6-4D1D-94BD-5287DE257C0F}
		{6D626ED8-C477-4986-AB04-F7C62EC03853} = {F579D731-63C6-40A1-9F7C-989761071CDD}
		{5DB45965-FCBA-4CC7-8416-C764DF68ED86} = {F579D731-63C6-40A1-9F7C-989761071CDD}
	EndGlobalSection
	GlobalSection(ExtensibilityGlobals) = postSolution
		SolutionGuid = {6D37B726-F2F7-4C5E-AC22-700F44335DDB}
	EndGlobalSection
EndGlobal
